lockfileVersion: 5.4

importers:

  .:
    specifiers: {}

  packages/ast-parser:
    specifiers:
      vitest: ^0.16.0
    devDependencies:
      vitest: 0.16.0

packages:

  /@esbuild/linux-loong64/0.14.54:
    resolution: {integrity: sha1-3ipL5ni9TQ0f+7hubed5zeWZkCg=, tarball: '@esbuild/linux-loong64/download/@esbuild/linux-loong64-0.14.54.tgz'}
    engines: {node: '>=12'}
    cpu: [loong64]
    os: [linux]
    requiresBuild: true
    dev: true
    optional: true

  /@types/chai-subset/1.3.3:
    resolution: {integrity: sha1-l4k4FOkqvSxTTeQiyzd+DgvarJQ=, tarball: '@types/chai-subset/download/@types/chai-subset-1.3.3.tgz'}
    dependencies:
      '@types/chai': 4.3.1
    dev: true

  /@types/chai/4.3.1:
    resolution: {integrity: sha1-4sbnPgveslIdAHVtCZIY6fXZCgQ=, tarball: '@types/chai/download/@types/chai-4.3.1.tgz'}
    dev: true

  /@types/node/18.8.4:
    resolution: {integrity: sha1-VL6Qdpj0DeikV3C0hIaqPL063/c=, tarball: '@types/node/download/@types/node-18.8.4.tgz'}
    dev: true

  /assertion-error/1.1.0:
    resolution: {integrity: sha1-5gtrDo8wG9l+U3UhW9pAbIURjAs=, tarball: assertion-error/download/assertion-error-1.1.0.tgz}
    dev: true

  /chai/4.3.6:
    resolution: {integrity: sha1-/+S6LZ+p1mgMwLNwra5wnskBHpw=, tarball: chai/download/chai-4.3.6.tgz}
    engines: {node: '>=4'}
    dependencies:
      assertion-error: 1.1.0
      check-error: 1.0.2
      deep-eql: 3.0.1
      get-func-name: 2.0.0
      loupe: 2.3.4
      pathval: 1.1.1
      type-detect: 4.0.8
    dev: true

  /check-error/1.0.2:
    resolution: {integrity: sha1-V00xLt2Iu13YkS6Sht1sCu1KrII=, tarball: check-error/download/check-error-1.0.2.tgz}
    dev: true

  /debug/4.3.4:
    resolution: {integrity: sha1-Exn2V5NX8jONMzfSzdSRS7XcyGU=, tarball: debug/download/debug-4.3.4.tgz}
    engines: {node: '>=6.0'}
    peerDependencies:
      supports-color: '*'
    peerDependenciesMeta:
      supports-color:
        optional: true
    dependencies:
      ms: 2.1.2
    dev: true

  /deep-eql/3.0.1:
    resolution: {integrity: sha1-38lARACtHI/gI+faHfHBR8S0RN8=, tarball: deep-eql/download/deep-eql-3.0.1.tgz}
    engines: {node: '>=0.12'}
    dependencies:
      type-detect: 4.0.8
    dev: true

  /esbuild-android-64/0.14.54:
    resolution: {integrity: sha1-UF9BgyiEMTu6/7J3BLi8qi2GFr4=, tarball: esbuild-android-64/download/esbuild-android-64-0.14.54.tgz}
    engines: {node: '>=12'}
    cpu: [x64]
    os: [android]
    requiresBuild: true
    dev: true
    optional: true

  /esbuild-android-arm64/0.14.54:
    resolution: {integrity: sha1-jOadfKuklkbgCZaP5XVKIamHF3E=, tarball: esbuild-android-arm64/download/esbuild-android-arm64-0.14.54.tgz}
    engines: {node: '>=12'}
    cpu: [arm64]
    os: [android]
    requiresBuild: true
    dev: true
    optional: true

  /esbuild-darwin-64/0.14.54:
    resolution: {integrity: sha1-JLpnuajLiQo8CNkBj4h8wiHN2iU=, tarball: esbuild-darwin-64/download/esbuild-darwin-64-0.14.54.tgz}
    engines: {node: '>=12'}
    cpu: [x64]
    os: [darwin]
    requiresBuild: true
    dev: true
    optional: true

  /esbuild-darwin-arm64/0.14.54:
    resolution: {integrity: sha1-P3zbeIiO4F5IjSUKK9qrH6Zxv3M=, tarball: esbuild-darwin-arm64/download/esbuild-darwin-arm64-0.14.54.tgz}
    engines: {node: '>=12'}
    cpu: [arm64]
    os: [darwin]
    requiresBuild: true
    dev: true
    optional: true

  /esbuild-freebsd-64/0.14.54:
    resolution: {integrity: sha1-CSUPmXpW7UZQ8+GXnJBf/EC76U0=, tarball: esbuild-freebsd-64/download/esbuild-freebsd-64-0.14.54.tgz}
    engines: {node: '>=12'}
    cpu: [x64]
    os: [freebsd]
    requiresBuild: true
    dev: true
    optional: true

  /esbuild-freebsd-arm64/0.14.54:
    resolution: {integrity: sha1-uvtG7QT8X5fL2wFthpR6eVefjkg=, tarball: esbuild-freebsd-arm64/download/esbuild-freebsd-arm64-0.14.54.tgz}
    engines: {node: '>=12'}
    cpu: [arm64]
    os: [freebsd]
    requiresBuild: true
    dev: true
    optional: true

  /esbuild-linux-32/0.14.54:
    resolution: {integrity: sha1-4qjEqO/cNVQFMlAz/OvrlB94H+U=, tarball: esbuild-linux-32/download/esbuild-linux-32-0.14.54.tgz}
    engines: {node: '>=12'}
    cpu: [ia32]
    os: [linux]
    requiresBuild: true
    dev: true
    optional: true

  /esbuild-linux-64/0.14.54:
    resolution: {integrity: sha1-3l/boclWZs9yNp9StAsDvnEiZlI=, tarball: esbuild-linux-64/download/esbuild-linux-64-0.14.54.tgz}
    engines: {node: '>=12'}
    cpu: [x64]
    os: [linux]
    requiresBuild: true
    dev: true
    optional: true

  /esbuild-linux-arm/0.14.54:
    resolution: {integrity: sha1-osHf9tDyHb6PxpmKEiZ1Uz3fzVk=, tarball: esbuild-linux-arm/download/esbuild-linux-arm-0.14.54.tgz}
    engines: {node: '>=12'}
    cpu: [arm]
    os: [linux]
    requiresBuild: true
    dev: true
    optional: true

  /esbuild-linux-arm64/0.14.54:
    resolution: {integrity: sha1-2uTNQq6Xh0aLalwVjaTIToOwzos=, tarball: esbuild-linux-arm64/download/esbuild-linux-arm64-0.14.54.tgz}
    engines: {node: '>=12'}
    cpu: [arm64]
    os: [linux]
    requiresBuild: true
    dev: true
    optional: true

  /esbuild-linux-mips64le/0.14.54:
    resolution: {integrity: sha1-2ZGOnky5cvjW2ujoZVv57hMe2jQ=, tarball: esbuild-linux-mips64le/download/esbuild-linux-mips64le-0.14.54.tgz}
    engines: {node: '>=12'}
    cpu: [mips64el]
    os: [linux]
    requiresBuild: true
    dev: true
    optional: true

  /esbuild-linux-ppc64le/0.14.54:
    resolution: {integrity: sha1-P5oPbUEHP7GmQGgIRcfeUplfE34=, tarball: esbuild-linux-ppc64le/download/esbuild-linux-ppc64le-0.14.54.tgz}
    engines: {node: '>=12'}
    cpu: [ppc64]
    os: [linux]
    requiresBuild: true
    dev: true
    optional: true

  /esbuild-linux-riscv64/0.14.54:
    resolution: {integrity: sha1-YYhTwCgXimGDe8eZ0gE9RpXkUcg=, tarball: esbuild-linux-riscv64/download/esbuild-linux-riscv64-0.14.54.tgz}
    engines: {node: '>=12'}
    cpu: [riscv64]
    os: [linux]
    requiresBuild: true
    dev: true
    optional: true

  /esbuild-linux-s390x/0.14.54:
    resolution: {integrity: sha1-0YhcTFp2u7Wg/hguLIxg654p8qY=, tarball: esbuild-linux-s390x/download/esbuild-linux-s390x-0.14.54.tgz}
    engines: {node: '>=12'}
    cpu: [s390x]
    os: [linux]
    requiresBuild: true
    dev: true
    optional: true

  /esbuild-netbsd-64/0.14.54:
    resolution: {integrity: sha1-aa6Rei/yQbffHb8iuvBL0zA0noE=, tarball: esbuild-netbsd-64/download/esbuild-netbsd-64-0.14.54.tgz}
    engines: {node: '>=12'}
    cpu: [x64]
    os: [netbsd]
    requiresBuild: true
    dev: true
    optional: true

  /esbuild-openbsd-64/0.14.54:
    resolution: {integrity: sha1-20yElSh6NQpnkN4i7eokelfF1Hs=, tarball: esbuild-openbsd-64/download/esbuild-openbsd-64-0.14.54.tgz}
    engines: {node: '>=12'}
    cpu: [x64]
    os: [openbsd]
    requiresBuild: true
    dev: true
    optional: true

  /esbuild-sunos-64/0.14.54:
    resolution: {integrity: sha1-VCh+49pz04RLchwhvIDB3H4b99o=, tarball: esbuild-sunos-64/download/esbuild-sunos-64-0.14.54.tgz}
    engines: {node: '>=12'}
    cpu: [x64]
    os: [sunos]
    requiresBuild: true
    dev: true
    optional: true

  /esbuild-windows-32/0.14.54:
    resolution: {integrity: sha1-+Kr5pWZ2MLQPD7OqN78Bu9NAzjE=, tarball: esbuild-windows-32/download/esbuild-windows-32-0.14.54.tgz}
    engines: {node: '>=12'}
    cpu: [ia32]
    os: [win32]
    requiresBuild: true
    dev: true
    optional: true

  /esbuild-windows-64/0.14.54:
    resolution: {integrity: sha1-v1S1G9PpsPGIb/2yJKQXYDHqCvQ=, tarball: esbuild-windows-64/download/esbuild-windows-64-0.14.54.tgz}
    engines: {node: '>=12'}
    cpu: [x64]
    os: [win32]
    requiresBuild: true
    dev: true
    optional: true

  /esbuild-windows-arm64/0.14.54:
    resolution: {integrity: sha1-k30VZ1oV5LDk+v26o6Aad2or6YI=, tarball: esbuild-windows-arm64/download/esbuild-windows-arm64-0.14.54.tgz}
    engines: {node: '>=12'}
    cpu: [arm64]
    os: [win32]
    requiresBuild: true
    dev: true
    optional: true

  /esbuild/0.14.54:
    resolution: {integrity: sha1-i0Tc8rDxpm/CJFmUPcz0d1NemqI=, tarball: esbuild/download/esbuild-0.14.54.tgz}
    engines: {node: '>=12'}
    hasBin: true
    requiresBuild: true
    optionalDependencies:
      '@esbuild/linux-loong64': 0.14.54
      esbuild-android-64: 0.14.54
      esbuild-android-arm64: 0.14.54
      esbuild-darwin-64: 0.14.54
      esbuild-darwin-arm64: 0.14.54
      esbuild-freebsd-64: 0.14.54
      esbuild-freebsd-arm64: 0.14.54
      esbuild-linux-32: 0.14.54
      esbuild-linux-64: 0.14.54
      esbuild-linux-arm: 0.14.54
      esbuild-linux-arm64: 0.14.54
      esbuild-linux-mips64le: 0.14.54
      esbuild-linux-ppc64le: 0.14.54
      esbuild-linux-riscv64: 0.14.54
      esbuild-linux-s390x: 0.14.54
      esbuild-netbsd-64: 0.14.54
      esbuild-openbsd-64: 0.14.54
      esbuild-sunos-64: 0.14.54
      esbuild-windows-32: 0.14.54
      esbuild-windows-64: 0.14.54
      esbuild-windows-arm64: 0.14.54
    dev: true

  /fsevents/2.3.2:
    resolution: {integrity: sha1-ilJveLj99GI7cJ4Ll1xSwkwC/Ro=, tarball: fsevents/download/fsevents-2.3.2.tgz}
    engines: {node: ^8.16.0 || ^10.6.0 || >=11.0.0}
    os: [darwin]
    requiresBuild: true
    dev: true
    optional: true

  /function-bind/1.1.1:
    resolution: {integrity: sha1-pWiZ0+o8m6uHS7l3O3xe3pL0iV0=, tarball: function-bind/download/function-bind-1.1.1.tgz}
    dev: true

  /get-func-name/2.0.0:
    resolution: {integrity: sha1-6td0q+5y4gQJQzoGY2YCPdaIekE=, tarball: get-func-name/download/get-func-name-2.0.0.tgz}
    dev: true

  /has/1.0.3:
    resolution: {integrity: sha1-ci18v8H2qoJB8W3YFOAR4fQeh5Y=, tarball: has/download/has-1.0.3.tgz}
    engines: {node: '>= 0.4.0'}
    dependencies:
      function-bind: 1.1.1
    dev: true

  /is-core-module/2.10.0:
    resolution: {integrity: sha1-kBLt4KkcaVh+ZHUU4dUncBnnKO0=, tarball: is-core-module/download/is-core-module-2.10.0.tgz}
    dependencies:
      has: 1.0.3
    dev: true

  /local-pkg/0.4.2:
    resolution: {integrity: sha1-ExBzELd+dKDlExR6ExoroogXbC8=, tarball: local-pkg/download/local-pkg-0.4.2.tgz}
    engines: {node: '>=14'}
    dev: true

  /loupe/2.3.4:
    resolution: {integrity: sha1-fgub/8dvFI+b52nLEyHT3PPLJfM=, tarball: loupe/download/loupe-2.3.4.tgz}
    dependencies:
      get-func-name: 2.0.0
    dev: true

  /ms/2.1.2:
    resolution: {integrity: sha1-0J0fNXtEP0kzgqjrPM0YOHKuYAk=, tarball: ms/download/ms-2.1.2.tgz}
    dev: true

  /nanoid/3.3.4:
    resolution: {integrity: sha1-cwtn480J4t6s8DwCfIHJ2dvF6Ks=, tarball: nanoid/download/nanoid-3.3.4.tgz}
    engines: {node: ^10 || ^12 || ^13.7 || ^14 || >=15.0.1}
    hasBin: true
    dev: true

  /path-parse/1.0.7:
    resolution: {integrity: sha1-+8EUtgykKzDZ2vWFjkvWi77bZzU=, tarball: path-parse/download/path-parse-1.0.7.tgz}
    dev: true

  /pathval/1.1.1:
    resolution: {integrity: sha1-hTTnenfOesWiUS6iHg/bj89sPY0=, tarball: pathval/download/pathval-1.1.1.tgz}
    dev: true

  /picocolors/1.0.0:
    resolution: {integrity: sha1-y1vcdP8/UYkiNur3nWi8RFZKuBw=, tarball: picocolors/download/picocolors-1.0.0.tgz}
    dev: true

  /postcss/8.4.18:
    resolution: {integrity: sha1-bVAEbqfT1mqF4OeCB05yA7x/vKI=, tarball: postcss/download/postcss-8.4.18.tgz}
    engines: {node: ^10 || ^12 || >=14}
    dependencies:
      nanoid: 3.3.4
      picocolors: 1.0.0
      source-map-js: 1.0.2
    dev: true

  /resolve/1.22.1:
    resolution: {integrity: sha1-J8suu1P5GrtJRwqSi7p1WAZqwXc=, tarball: resolve/download/resolve-1.22.1.tgz}
    hasBin: true
    dependencies:
      is-core-module: 2.10.0
      path-parse: 1.0.7
      supports-preserve-symlinks-flag: 1.0.0
    dev: true

  /rollup/2.77.3:
    resolution: {integrity: sha1-jwBBjTonQANuFd62U77RqQ7gzBI=, tarball: rollup/download/rollup-2.77.3.tgz}
    engines: {node: '>=10.0.0'}
    hasBin: true
    optionalDependencies:
      fsevents: 2.3.2
    dev: true

  /source-map-js/1.0.2:
    resolution: {integrity: sha1-rbw2HZxi3zgBJefxYfccgm8eSQw=, tarball: source-map-js/download/source-map-js-1.0.2.tgz}
    engines: {node: '>=0.10.0'}
    dev: true

  /supports-preserve-symlinks-flag/1.0.0:
    resolution: {integrity: sha1-btpL00SjyUrqN21MwxvHcxEDngk=, tarball: supports-preserve-symlinks-flag/download/supports-preserve-symlinks-flag-1.0.0.tgz}
    engines: {node: '>= 0.4'}
    dev: true

  /tinypool/0.2.1:
    resolution: {integrity: sha1-fDNHUU3jYRPyJCElkN4X8E/fAHg=, tarball: tinypool/download/tinypool-0.2.1.tgz}
    engines: {node: '>=14.0.0'}
    dev: true

  /tinyspy/0.3.3:
    resolution: {integrity: sha1-i1f4rsf+G/WDo6Scuaswx0L2kjc=, tarball: tinyspy/download/tinyspy-0.3.3.tgz}
    engines: {node: '>=14.0.0'}
    dev: true

  /type-detect/4.0.8:
    resolution: {integrity: sha1-dkb7XxiHHPu3dJ5pvTmmOI63RQw=, tarball: type-detect/download/type-detect-4.0.8.tgz}
    engines: {node: '>=4'}
    dev: true

  /vite/2.9.15:
    resolution: {integrity: sha1-KFjdWyviaqOUooPmIyQoGJJUbws=, tarball: vite/download/vite-2.9.15.tgz}
    engines: {node: '>=12.2.0'}
    hasBin: true
    peerDependencies:
      less: '*'
      sass: '*'
      stylus: '*'
    peerDependenciesMeta:
      less:
        optional: true
      sass:
        optional: true
      stylus:
        optional: true
    dependencies:
      esbuild: 0.14.54
      postcss: 8.4.18
      resolve: 1.22.1
      rollup: 2.77.3
    optionalDependencies:
      fsevents: 2.3.2
    dev: true

  /vitest/0.16.0:
    resolution: {integrity: sha1-aFioZLJYUNKCUrxICwyJAU/0jOg=, tarball: vitest/download/vitest-0.16.0.tgz}
    engines: {node: '>=v14.16.0'}
    hasBin: true
    peerDependencies:
      '@vitest/ui': '*'
      c8: '*'
      happy-dom: '*'
      jsdom: '*'
    peerDependenciesMeta:
      '@vitest/ui':
        optional: true
      c8:
        optional: true
      happy-dom:
        optional: true
      jsdom:
        optional: true
    dependencies:
      '@types/chai': 4.3.1
      '@types/chai-subset': 1.3.3
      '@types/node': 18.8.4
      chai: 4.3.6
      debug: 4.3.4
      local-pkg: 0.4.2
      tinypool: 0.2.1
      tinyspy: 0.3.3
      vite: 2.9.15
    transitivePeerDependencies:
      - less
      - sass
      - stylus
      - supports-color
    dev: true
